
Microsoft Visual Studio Solution File, Format Version 12.00
# Visual Studio 14
VisualStudioVersion = 14.0.25123.0
MinimumVisualStudioVersion = 10.0.40219.1
Project("{FAE04EC0-301F-11D3-BF4B-00C04F79EFBC}") = "ConsoleApplication2", "ConsoleApplication2\ConsoleApplication2.csproj", "{EFBDACE9-8B16-4443-8108-EDCAEFEA9643}"
EndProject
Global
	GlobalSection(SolutionConfigurationPlatforms) = preSolution
		Debug|Any CPU = Debug|Any CPU
		Release|Any CPU = Release|Any CPU
	EndGlobalSection
	GlobalSection(ProjectConfigurationPlatforms) = postSolution
		{EFBDACE9-8B16-4443-8108-EDCAEFEA9643}.Debug|Any CPU.ActiveCfg = Debug|Any CPU
		{EFBDACE9-8B16-4443-8108-EDCAEFEA9643}.Debug|Any CPU.Build.0 = Debug|Any CPU
		{EFBDACE9-8B16-4443-8108-EDCAEFEA9643}.Release|Any CPU.ActiveCfg = Release|Any CPU
		{EFBDACE9-8B16-4443-8108-EDCAEFEA9643}.Release|Any CPU.Build.0 = Release|Any CPU
	EndGlobalSection
	GlobalSection(SolutionProperties) = preSolution
		HideSolutionNode = FALSE
	EndGlobalSection
EndGlobal
